
Microsoft Visual Studio Solution File, Format Version 12.00
# Visual Studio Version 17
VisualStudioVersion = 17.0.31903.59
MinimumVisualStudioVersion = 10.0.40219.1
Project("{2150E333-8FDC-42A3-9474-1A3956D46DE8}") = "src", "src", "{E196F72E-DC8B-4A53-8C67-8EA6C3E0C219}"
EndProject
Project("{2150E333-8FDC-42A3-9474-1A3956D46DE8}") = "Domain", "Domain", "{C8A289CD-ABAF-4297-86CA-9CB894AE236F}"
EndProject
Project("{FAE04EC0-301F-11D3-BF4B-00C04F79EFBC}") = "WebApi.Domain", "src\WebApi.Domain\WebApi.Domain.csproj", "{B51F633E-7A1B-4017-BE3E-0DC567CE80E2}"
EndProject
Project("{2150E333-8FDC-42A3-9474-1A3956D46DE8}") = "Application", "Application", "{FF8CE456-C2E2-42CC-9820-7EC5709CC781}"
EndProject
Project("{FAE04EC0-301F-11D3-BF4B-00C04F79EFBC}") = "WebApi.Application", "src\WebApi.Application\WebApi.Application.csproj", "{5E5658A6-6EDE-48C9-93C0-F40088DF631E}"
EndProject
Project("{2150E333-8FDC-42A3-9474-1A3956D46DE8}") = "Infrastructure", "Infrastructure", "{C5BD3CF2-E641-427E-BF5F-502DB35C60E1}"
EndProject
Project("{FAE04EC0-301F-11D3-BF4B-00C04F79EFBC}") = "WebApi.Infrastructure", "src\WebApi.Infrastructure\WebApi.Infrastructure.csproj", "{A1F9F2DA-B092-4FAE-B8D5-28A000939465}"
EndProject
Project("{2150E333-8FDC-42A3-9474-1A3956D46DE8}") = "Presentation", "Presentation", "{83515AD9-F77F-41A5-B7C3-12E236905A02}"
EndProject
Project("{FAE04EC0-301F-11D3-BF4B-00C04F79EFBC}") = "WebApi.Presentation", "src\WebApi.Presentation\WebApi.Presentation.csproj", "{F6747DD5-DA1E-472D-9D59-94C75067FC0E}"
EndProject
Project("{2150E333-8FDC-42A3-9474-1A3956D46DE8}") = "tests", "tests", "{0D4D23B3-11BA-4573-8ECD-0EF2E68CB371}"
EndProject
Project("{FAE04EC0-301F-11D3-BF4B-00C04F79EFBC}") = "WebApi.Tests", "tests\WebApi.Tests\WebApi.Tests.csproj", "{8170BFAB-E506-49E5-A7F6-2D378C74299B}"
EndProject
Project("{FAE04EC0-301F-11D3-BF4B-00C04F79EFBC}") = "WebApi.ProjectStartUp", "src\WebApi.ProjectStartUp\WebApi.ProjectStartUp.csproj", "{06B9D6C5-D56D-4DC4-91BC-4D12347595B5}"
EndProject
Global
	GlobalSection(SolutionConfigurationPlatforms) = preSolution
		Debug|Any CPU = Debug|Any CPU
		Release|Any CPU = Release|Any CPU
	EndGlobalSection
	GlobalSection(SolutionProperties) = preSolution
		HideSolutionNode = FALSE
	EndGlobalSection
	GlobalSection(ProjectConfigurationPlatforms) = postSolution
		{B51F633E-7A1B-4017-BE3E-0DC567CE80E2}.Debug|Any CPU.ActiveCfg = Debug|Any CPU
		{B51F633E-7A1B-4017-BE3E-0DC567CE80E2}.Debug|Any CPU.Build.0 = Debug|Any CPU
		{B51F633E-7A1B-4017-BE3E-0DC567CE80E2}.Release|Any CPU.ActiveCfg = Release|Any CPU
		{B51F633E-7A1B-4017-BE3E-0DC567CE80E2}.Release|Any CPU.Build.0 = Release|Any CPU
		{5E5658A6-6EDE-48C9-93C0-F40088DF631E}.Debug|Any CPU.ActiveCfg = Debug|Any CPU
		{5E5658A6-6EDE-48C9-93C0-F40088DF631E}.Debug|Any CPU.Build.0 = Debug|Any CPU
		{5E5658A6-6EDE-48C9-93C0-F40088DF631E}.Release|Any CPU.ActiveCfg = Release|Any CPU
		{5E5658A6-6EDE-48C9-93C0-F40088DF631E}.Release|Any CPU.Build.0 = Release|Any CPU
		{A1F9F2DA-B092-4FAE-B8D5-28A000939465}.Debug|Any CPU.ActiveCfg = Debug|Any CPU
		{A1F9F2DA-B092-4FAE-B8D5-28A000939465}.Debug|Any CPU.Build.0 = Debug|Any CPU
		{A1F9F2DA-B092-4FAE-B8D5-28A000939465}.Release|Any CPU.ActiveCfg = Release|Any CPU
		{A1F9F2DA-B092-4FAE-B8D5-28A000939465}.Release|Any CPU.Build.0 = Release|Any CPU
		{F6747DD5-DA1E-472D-9D59-94C75067FC0E}.Debug|Any CPU.ActiveCfg = Debug|Any CPU
		{F6747DD5-DA1E-472D-9D59-94C75067FC0E}.Debug|Any CPU.Build.0 = Debug|Any CPU
		{F6747DD5-DA1E-472D-9D59-94C75067FC0E}.Release|Any CPU.ActiveCfg = Release|Any CPU
		{F6747DD5-DA1E-472D-9D59-94C75067FC0E}.Release|Any CPU.Build.0 = Release|Any CPU
		{8170BFAB-E506-49E5-A7F6-2D378C74299B}.Debug|Any CPU.ActiveCfg = Debug|Any CPU
		{8170BFAB-E506-49E5-A7F6-2D378C74299B}.Debug|Any CPU.Build.0 = Debug|Any CPU
		{8170BFAB-E506-49E5-A7F6-2D378C74299B}.Release|Any CPU.ActiveCfg = Release|Any CPU
		{8170BFAB-E506-49E5-A7F6-2D378C74299B}.Release|Any CPU.Build.0 = Release|Any CPU
		{06B9D6C5-D56D-4DC4-91BC-4D12347595B5}.Debug|Any CPU.ActiveCfg = Debug|Any CPU
		{06B9D6C5-D56D-4DC4-91BC-4D12347595B5}.Debug|Any CPU.Build.0 = Debug|Any CPU
		{06B9D6C5-D56D-4DC4-91BC-4D12347595B5}.Release|Any CPU.ActiveCfg = Release|Any CPU
		{06B9D6C5-D56D-4DC4-91BC-4D12347595B5}.Release|Any CPU.Build.0 = Release|Any CPU
	EndGlobalSection
	GlobalSection(NestedProjects) = preSolution
		{C8A289CD-ABAF-4297-86CA-9CB894AE236F} = {E196F72E-DC8B-4A53-8C67-8EA6C3E0C219}
		{B51F633E-7A1B-4017-BE3E-0DC567CE80E2} = {C8A289CD-ABAF-4297-86CA-9CB894AE236F}
		{FF8CE456-C2E2-42CC-9820-7EC5709CC781} = {E196F72E-DC8B-4A53-8C67-8EA6C3E0C219}
		{5E5658A6-6EDE-48C9-93C0-F40088DF631E} = {FF8CE456-C2E2-42CC-9820-7EC5709CC781}
		{C5BD3CF2-E641-427E-BF5F-502DB35C60E1} = {E196F72E-DC8B-4A53-8C67-8EA6C3E0C219}
		{A1F9F2DA-B092-4FAE-B8D5-28A000939465} = {C5BD3CF2-E641-427E-BF5F-502DB35C60E1}
		{83515AD9-F77F-41A5-B7C3-12E236905A02} = {E196F72E-DC8B-4A53-8C67-8EA6C3E0C219}
		{F6747DD5-DA1E-472D-9D59-94C75067FC0E} = {83515AD9-F77F-41A5-B7C3-12E236905A02}
		{8170BFAB-E506-49E5-A7F6-2D378C74299B} = {0D4D23B3-11BA-4573-8ECD-0EF2E68CB371}
		{06B9D6C5-D56D-4DC4-91BC-4D12347595B5} = {E196F72E-DC8B-4A53-8C67-8EA6C3E0C219}
	EndGlobalSection
EndGlobal
